
Microsoft Visual Studio Solution File, Format Version 12.00
# Visual Studio 15
VisualStudioVersion = 15.0.28307.1231
MinimumVisualStudioVersion = 10.0.40219.1
Project("{FAE04EC0-301F-11D3-BF4B-00C04F79EFBC}") = "WPF_Button_Control", "WPF_Button_Control\WPF_Button_Control.csproj", "{6F0759FF-CA01-4BFF-A108-22BD1FA3B179}"
EndProject
Global
	GlobalSection(SolutionConfigurationPlatforms) = preSolution
		Debug|Any CPU = Debug|Any CPU
		Release|Any CPU = Release|Any CPU
	EndGlobalSection
	GlobalSection(ProjectConfigurationPlatforms) = postSolution
		{6F0759FF-CA01-4BFF-A108-22BD1FA3B179}.Debug|Any CPU.ActiveCfg = Debug|Any CPU
		{6F0759FF-CA01-4BFF-A108-22BD1FA3B179}.Debug|Any CPU.Build.0 = Debug|Any CPU
		{6F0759FF-CA01-4BFF-A108-22BD1FA3B179}.Release|Any CPU.ActiveCfg = Release|Any CPU
		{6F0759FF-CA01-4BFF-A108-22BD1FA3B179}.Release|Any CPU.Build.0 = Release|Any CPU
	EndGlobalSection
	GlobalSection(SolutionProperties) = preSolution
		HideSolutionNode = FALSE
	EndGlobalSection
	GlobalSection(ExtensibilityGlobals) = postSolution
		SolutionGuid = {4DAE15C1-9245-4765-9C8B-2144A2AE0321}
	EndGlobalSection
EndGlobal
