
Microsoft Visual Studio Solution File, Format Version 12.00
# Visual Studio 15
VisualStudioVersion = 15.0.28307.1231
MinimumVisualStudioVersion = 10.0.40219.1
Project("{FAE04EC0-301F-11D3-BF4B-00C04F79EFBC}") = "WPF_ToolTips", "WPF_ToolTips\WPF_ToolTips.csproj", "{5258B546-08BA-445D-88B1-6A108657D282}"
EndProject
Global
	GlobalSection(SolutionConfigurationPlatforms) = preSolution
		Debug|Any CPU = Debug|Any CPU
		Release|Any CPU = Release|Any CPU
	EndGlobalSection
	GlobalSection(ProjectConfigurationPlatforms) = postSolution
		{5258B546-08BA-445D-88B1-6A108657D282}.Debug|Any CPU.ActiveCfg = Debug|Any CPU
		{5258B546-08BA-445D-88B1-6A108657D282}.Debug|Any CPU.Build.0 = Debug|Any CPU
		{5258B546-08BA-445D-88B1-6A108657D282}.Release|Any CPU.ActiveCfg = Release|Any CPU
		{5258B546-08BA-445D-88B1-6A108657D282}.Release|Any CPU.Build.0 = Release|Any CPU
	EndGlobalSection
	GlobalSection(SolutionProperties) = preSolution
		HideSolutionNode = FALSE
	EndGlobalSection
	GlobalSection(ExtensibilityGlobals) = postSolution
		SolutionGuid = {F0134939-B5CA-4D6E-A106-E56FE85DDB74}
	EndGlobalSection
EndGlobal
