
Microsoft Visual Studio Solution File, Format Version 12.00
# Visual Studio 15
VisualStudioVersion = 15.0.28307.1231
MinimumVisualStudioVersion = 10.0.40219.1
Project("{FAE04EC0-301F-11D3-BF4B-00C04F79EFBC}") = "WPF_CommonControl", "WPF_CommonControl\WPF_CommonControl.csproj", "{514AE0C9-5B25-46E3-A20C-72931A4EC7D6}"
EndProject
Project("{FAE04EC0-301F-11D3-BF4B-00C04F79EFBC}") = "WPF_Menu", "WPF_CommonControl\WPF_Menu\WPF_Menu.csproj", "{21091961-A3D8-47E7-BEDD-9EC3FBF07E75}"
EndProject
Project("{FAE04EC0-301F-11D3-BF4B-00C04F79EFBC}") = "WPF_ContextMenu", "WPF_CommonControl\WPF_ContextMenu\WPF_ContextMenu.csproj", "{4990DC76-5295-41BD-BA10-5BDDA0F708E7}"
EndProject
Project("{FAE04EC0-301F-11D3-BF4B-00C04F79EFBC}") = "WPF_ContextMenu_2", "WPF_CommonControl\WPF_ContextMenu_2\WPF_ContextMenu_2.csproj", "{0BB722BB-031C-44C5-932D-A6701D14FB82}"
EndProject
Project("{FAE04EC0-301F-11D3-BF4B-00C04F79EFBC}") = "WPF_ToolBar", "WPF_CommonControl\WPF_ToolBar\WPF_ToolBar.csproj", "{746B4D44-2ADD-4AFD-AEAD-93C6449ACDF7}"
EndProject
Project("{FAE04EC0-301F-11D3-BF4B-00C04F79EFBC}") = "WPF_StatusBar", "WPF_CommonControl\WPF_StatusBar\WPF_StatusBar.csproj", "{83080C4B-547D-46B2-BF34-15502864E019}"
EndProject
Global
	GlobalSection(SolutionConfigurationPlatforms) = preSolution
		Debug|Any CPU = Debug|Any CPU
		Release|Any CPU = Release|Any CPU
	EndGlobalSection
	GlobalSection(ProjectConfigurationPlatforms) = postSolution
		{514AE0C9-5B25-46E3-A20C-72931A4EC7D6}.Debug|Any CPU.ActiveCfg = Debug|Any CPU
		{514AE0C9-5B25-46E3-A20C-72931A4EC7D6}.Debug|Any CPU.Build.0 = Debug|Any CPU
		{514AE0C9-5B25-46E3-A20C-72931A4EC7D6}.Release|Any CPU.ActiveCfg = Release|Any CPU
		{514AE0C9-5B25-46E3-A20C-72931A4EC7D6}.Release|Any CPU.Build.0 = Release|Any CPU
		{21091961-A3D8-47E7-BEDD-9EC3FBF07E75}.Debug|Any CPU.ActiveCfg = Debug|Any CPU
		{21091961-A3D8-47E7-BEDD-9EC3FBF07E75}.Debug|Any CPU.Build.0 = Debug|Any CPU
		{21091961-A3D8-47E7-BEDD-9EC3FBF07E75}.Release|Any CPU.ActiveCfg = Release|Any CPU
		{21091961-A3D8-47E7-BEDD-9EC3FBF07E75}.Release|Any CPU.Build.0 = Release|Any CPU
		{4990DC76-5295-41BD-BA10-5BDDA0F708E7}.Debug|Any CPU.ActiveCfg = Debug|Any CPU
		{4990DC76-5295-41BD-BA10-5BDDA0F708E7}.Debug|Any CPU.Build.0 = Debug|Any CPU
		{4990DC76-5295-41BD-BA10-5BDDA0F708E7}.Release|Any CPU.ActiveCfg = Release|Any CPU
		{4990DC76-5295-41BD-BA10-5BDDA0F708E7}.Release|Any CPU.Build.0 = Release|Any CPU
		{0BB722BB-031C-44C5-932D-A6701D14FB82}.Debug|Any CPU.ActiveCfg = Debug|Any CPU
		{0BB722BB-031C-44C5-932D-A6701D14FB82}.Debug|Any CPU.Build.0 = Debug|Any CPU
		{0BB722BB-031C-44C5-932D-A6701D14FB82}.Release|Any CPU.ActiveCfg = Release|Any CPU
		{0BB722BB-031C-44C5-932D-A6701D14FB82}.Release|Any CPU.Build.0 = Release|Any CPU
		{746B4D44-2ADD-4AFD-AEAD-93C6449ACDF7}.Debug|Any CPU.ActiveCfg = Debug|Any CPU
		{746B4D44-2ADD-4AFD-AEAD-93C6449ACDF7}.Debug|Any CPU.Build.0 = Debug|Any CPU
		{746B4D44-2ADD-4AFD-AEAD-93C6449ACDF7}.Release|Any CPU.ActiveCfg = Release|Any CPU
		{746B4D44-2ADD-4AFD-AEAD-93C6449ACDF7}.Release|Any CPU.Build.0 = Release|Any CPU
		{83080C4B-547D-46B2-BF34-15502864E019}.Debug|Any CPU.ActiveCfg = Debug|Any CPU
		{83080C4B-547D-46B2-BF34-15502864E019}.Debug|Any CPU.Build.0 = Debug|Any CPU
		{83080C4B-547D-46B2-BF34-15502864E019}.Release|Any CPU.ActiveCfg = Release|Any CPU
		{83080C4B-547D-46B2-BF34-15502864E019}.Release|Any CPU.Build.0 = Release|Any CPU
	EndGlobalSection
	GlobalSection(SolutionProperties) = preSolution
		HideSolutionNode = FALSE
	EndGlobalSection
	GlobalSection(ExtensibilityGlobals) = postSolution
		SolutionGuid = {5C1ACC00-97C8-4498-9336-039462844807}
	EndGlobalSection
EndGlobal
